
Microsoft Visual Studio Solution File, Format Version 12.00
# Visual Studio 15
VisualStudioVersion = 15.0.26730.10
MinimumVisualStudioVersion = 10.0.40219.1
Project("{FAE04EC0-301F-11D3-BF4B-00C04F79EFBC}") = "Event Overview Application", "Event Overview Application\Event Overview Application.csproj", "{4ED35EFF-74A7-452E-B46E-095F24A40D14}"
EndProject
Global
	GlobalSection(SolutionConfigurationPlatforms) = preSolution
		Debug|Any CPU = Debug|Any CPU
		Release|Any CPU = Release|Any CPU
	EndGlobalSection
	GlobalSection(ProjectConfigurationPlatforms) = postSolution
		{4ED35EFF-74A7-452E-B46E-095F24A40D14}.Debug|Any CPU.ActiveCfg = Debug|Any CPU
		{4ED35EFF-74A7-452E-B46E-095F24A40D14}.Debug|Any CPU.Build.0 = Debug|Any CPU
		{4ED35EFF-74A7-452E-B46E-095F24A40D14}.Release|Any CPU.ActiveCfg = Release|Any CPU
		{4ED35EFF-74A7-452E-B46E-095F24A40D14}.Release|Any CPU.Build.0 = Release|Any CPU
	EndGlobalSection
	GlobalSection(SolutionProperties) = preSolution
		HideSolutionNode = FALSE
	EndGlobalSection
	GlobalSection(ExtensibilityGlobals) = postSolution
		SolutionGuid = {7FD481AF-ABF4-4F6B-9E40-45CD873717B9}
	EndGlobalSection
EndGlobal
