
Microsoft Visual Studio Solution File, Format Version 12.00
# Visual Studio 15
VisualStudioVersion = 15.0.26730.10
MinimumVisualStudioVersion = 10.0.40219.1
Project("{FAE04EC0-301F-11D3-BF4B-00C04F79EFBC}") = "Balance Adjustment Application", "Balance Adjustment Application\Balance Adjustment Application.csproj", "{10B4BAB4-525D-452B-B78D-79C143D48B40}"
EndProject
Global
	GlobalSection(SolutionConfigurationPlatforms) = preSolution
		Debug|Any CPU = Debug|Any CPU
		Release|Any CPU = Release|Any CPU
	EndGlobalSection
	GlobalSection(ProjectConfigurationPlatforms) = postSolution
		{10B4BAB4-525D-452B-B78D-79C143D48B40}.Debug|Any CPU.ActiveCfg = Debug|Any CPU
		{10B4BAB4-525D-452B-B78D-79C143D48B40}.Debug|Any CPU.Build.0 = Debug|Any CPU
		{10B4BAB4-525D-452B-B78D-79C143D48B40}.Release|Any CPU.ActiveCfg = Release|Any CPU
		{10B4BAB4-525D-452B-B78D-79C143D48B40}.Release|Any CPU.Build.0 = Release|Any CPU
	EndGlobalSection
	GlobalSection(SolutionProperties) = preSolution
		HideSolutionNode = FALSE
	EndGlobalSection
	GlobalSection(ExtensibilityGlobals) = postSolution
		SolutionGuid = {C331019C-7963-4C04-91B9-CD37D1FADCF8}
	EndGlobalSection
EndGlobal
